
Microsoft Visual Studio Solution File, Format Version 12.00
# Visual Studio 15
VisualStudioVersion = 15.0.28307.271
MinimumVisualStudioVersion = 10.0.40219.1
Project("{FAE04EC0-301F-11D3-BF4B-00C04F79EFBC}") = "COMP2084-Lesson1", "COMP2084-Lesson1\COMP2084-Lesson1.csproj", "{B477B53A-6A5A-4EBC-A3EB-B7F5CA701388}"
EndProject
Global
	GlobalSection(SolutionConfigurationPlatforms) = preSolution
		Debug|Any CPU = Debug|Any CPU
		Release|Any CPU = Release|Any CPU
	EndGlobalSection
	GlobalSection(ProjectConfigurationPlatforms) = postSolution
		{B477B53A-6A5A-4EBC-A3EB-B7F5CA701388}.Debug|Any CPU.ActiveCfg = Debug|Any CPU
		{B477B53A-6A5A-4EBC-A3EB-B7F5CA701388}.Debug|Any CPU.Build.0 = Debug|Any CPU
		{B477B53A-6A5A-4EBC-A3EB-B7F5CA701388}.Release|Any CPU.ActiveCfg = Release|Any CPU
		{B477B53A-6A5A-4EBC-A3EB-B7F5CA701388}.Release|Any CPU.Build.0 = Release|Any CPU
	EndGlobalSection
	GlobalSection(SolutionProperties) = preSolution
		HideSolutionNode = FALSE
	EndGlobalSection
	GlobalSection(ExtensibilityGlobals) = postSolution
		SolutionGuid = {0131AC65-8831-446F-9885-BC4D6F53E0F9}
	EndGlobalSection
EndGlobal
